
Microsoft Visual Studio Solution File, Format Version 12.00
# Visual Studio Version 17
VisualStudioVersion = 17.5.002.0
MinimumVisualStudioVersion = 10.0.40219.1
Project("{9A19103F-16F7-4668-BE54-9A1E7A4F7556}") = "leave-master-backend", "leave-master-backend.csproj", "{3BAA9899-20A4-4210-A2FE-FDB8845220CE}"
EndProject
Global
	GlobalSection(SolutionConfigurationPlatforms) = preSolution
		Debug|Any CPU = Debug|Any CPU
		Release|Any CPU = Release|Any CPU
	EndGlobalSection
	GlobalSection(ProjectConfigurationPlatforms) = postSolution
		{3BAA9899-20A4-4210-A2FE-FDB8845220CE}.Debug|Any CPU.ActiveCfg = Debug|Any CPU
		{3BAA9899-20A4-4210-A2FE-FDB8845220CE}.Debug|Any CPU.Build.0 = Debug|Any CPU
		{3BAA9899-20A4-4210-A2FE-FDB8845220CE}.Release|Any CPU.ActiveCfg = Release|Any CPU
		{3BAA9899-20A4-4210-A2FE-FDB8845220CE}.Release|Any CPU.Build.0 = Release|Any CPU
	EndGlobalSection
	GlobalSection(SolutionProperties) = preSolution
		HideSolutionNode = FALSE
	EndGlobalSection
	GlobalSection(ExtensibilityGlobals) = postSolution
		SolutionGuid = {B916C264-1973-472A-A605-B1BC38037F2D}
	EndGlobalSection
EndGlobal
